// !$*UTF8*$!
{
	archiveVersion = 1;
	classes = {
	};
	objectVersion = 46;
	objects = {

/* Begin PBXBuildFile section */
		BCBBD0FD1BCDF9F2007B9ECB /* main.c in Sources */ = {isa = PBXBuildFile; fileRef = BCBBD0FC1BCDF9F2007B9ECB /* main.c */; };
/* End PBXBuildFile section */

/* Begin PBXCopyFilesBuildPhase section */
		BCBBD0F71BCDF9F2007B9ECB /* CopyFiles */ = {
			isa = PBXCopyFilesBuildPhase;
			buildActionMask = 2147483647;
			dstPath = /usr/share/man/man1/;
			dstSubfolderSpec = 0;
			files = (
			);
			runOnlyForDeploymentPostprocessing = 1;
		};
/* End PBXCopyFilesBuildPhase section */

/* Begin PBXFileReference section */
		BCBBD0F91BCDF9F2007B9ECB /* paixu */ = {isa = PBXFileReference; explicitFileType = "compiled.mach-o.executable"; includeInIndex = 0; path = paixu; sourceTree = BUILT_PRODUCTS_DIR; };
		BCBBD0FC1BCDF9F2007B9ECB /* main.c */ = {isa = PBXFileReference; lastKnownFileType = sourcecode.c.c; path = main.c; sourceTree = "<group>"; };
/* End PBXFileReference section */

/* Begin PBXFrameworksBuildPhase section */
		BCBBD0F61BCDF9F2007B9ECB /* Frameworks */ = {
			isa = PBXFrameworksBuildPhase;
			buildActionMask = 2147483647;
			files = (
			);
			runOnlyForDeploymentPostprocessing = 0;
		};
/* End PBXFrameworksBuildPhase section */

/* Begin PBXGroup section */
		BCBBD0F01BCDF9F2007B9ECB = {
			isa = PBXGroup;
			children = (
				BCBBD0FB1BCDF9F2007B9ECB /* paixu */,
				BCBBD0FA1BCDF9F2007B9ECB /* Products */,
			);
			sourceTree = "<group>";
		};
		BCBBD0FA1BCDF9F2007B9ECB /* Products */ = {
			isa = PBXGroup;
			children = (
				BCBBD0F91BCDF9F2007B9ECB /* paixu */,
			);
			name = Products;
			sourceTree = "<group>";
		};
		BCBBD0FB1BCDF9F2007B9ECB /* paixu */ = {
			isa = PBXGroup;
			children = (
				BCBBD0FC1BCDF9F2007B9ECB /* main.c */,
			);
			path = paixu;
			sourceTree = "<group>";
		};
/* End PBXGroup section */

/* Begin PBXNativeTarget section */
		BCBBD0F81BCDF9F2007B9ECB /* paixu */ = {
			isa = PBXNativeTarget;
			buildConfigurationList = BCBBD1001BCDF9F2007B9ECB /* Build configuration list for PBXNativeTarget "paixu" */;
			buildPhases = (
				BCBBD0F51BCDF9F2007B9ECB /* Sources */,
				BCBBD0F61BCDF9F2007B9ECB /* Frameworks */,
				BCBBD0F71BCDF9F2007B9ECB /* CopyFiles */,
			);
			buildRules = (
			);
			dependencies = (
			);
			name = paixu;
			productName = paixu;
			productReference = BCBBD0F91BCDF9F2007B9ECB /* paixu */;
			productType = "com.apple.product-type.tool";
		};
/* End PBXNativeTarget section */

/* Begin PBXProject section */
		BCBBD0F11BCDF9F2007B9ECB /* Project object */ = {
			isa = PBXProject;
			attributes = {
				LastUpgradeCheck = 0600;
				ORGANIZATIONNAME = qianfeng;
				TargetAttributes = {
					BCBBD0F81BCDF9F2007B9ECB = {
						CreatedOnToolsVersion = 6.0.1;
					};
				};
			};
			buildConfigurationList = BCBBD0F41BCDF9F2007B9ECB /* Build configuration list for PBXProject "paixu" */;
			compatibilityVersion = "Xcode 3.2";
			developmentRegion = English;
			hasScannedForEncodings = 0;
			knownRegions = (
				en,
			);
			mainGroup = BCBBD0F01BCDF9F2007B9ECB;
			productRefGroup = BCBBD0FA1BCDF9F2007B9ECB /* Products */;
			projectDirPath = "";
			projectRoot = "";
			targets = (
				BCBBD0F81BCDF9F2007B9ECB /* paixu */,
			);
		};
/* End PBXProject section */

/* Begin PBXSourcesBuildPhase section */
		BCBBD0F51BCDF9F2007B9ECB /* Sources */ = {
			isa = PBXSourcesBuildPhase;
			buildActionMask = 2147483647;
			files = (
				BCBBD0FD1BCDF9F2007B9ECB /* main.c in Sources */,
			);
			runOnlyForDeploymentPostprocessing = 0;
		};
/* End PBXSourcesBuildPhase section */

/* Begin XCBuildConfiguration section */
		BCBBD0FE1BCDF9F2007B9ECB /* Debug */ = {
			isa = XCBuildConfiguration;
			buildSettings = {
				ALWAYS_SEARCH_USER_PATHS = NO;
				CLANG_CXX_LANGUAGE_STANDARD = "gnu++0x";
				CLANG_CXX_LIBRARY = "libc++";
				CLANG_ENABLE_MODULES = YES;
				CLANG_ENABLE_OBJC_ARC = YES;
				CLANG_WARN_BOOL_CONVERSION = YES;
				CLANG_WARN_CONSTANT_CONVERSION = YES;
				CLANG_WARN_DIRECT_OBJC_ISA_USAGE = YES_ERROR;
				CLANG_WARN_EMPTY_BODY = YES;
				CLANG_WARN_ENUM_CONVERSION = YES;
				CLANG_WARN_INT_CONVERSION = YES;
				CLANG_WARN_OBJC_ROOT_CLASS = YES_ERROR;
				CLANG_WARN_UNREACHABLE_CODE = YES;
				CLANG_WARN__DUPLICATE_METHOD_MATCH = YES;
				COPY_PHASE_STRIP = NO;
				ENABLE_STRICT_OBJC_MSGSEND = YES;
				GCC_C_LANGUAGE_STANDARD = gnu99;
				GCC_DYNAMIC_NO_PIC = NO;
				GCC_OPTIMIZATION_LEVEL = 0;
				GCC_PREPROCESSOR_DEFINITIONS = (
					"DEBUG=1",
					"$(inherited)",
				);
				GCC_SYMBOLS_PRIVATE_EXTERN = NO;
				GCC_WARN_64_TO_32_BIT_CONVERSION = YES;
				GCC_WARN_ABOUT_RETURN_TYPE = YES_ERROR;
				GCC_WARN_UNDECLARED_SELECTOR = YES;
				GCC_WARN_UNINITIALIZED_AUTOS = YES_AGGRESSIVE;
				GCC_WARN_UNUSED_FUNCTION = YES;
				GCC_WARN_UNUSED_VARIABLE = YES;
				MACOSX_DEPLOYMENT_TARGET = 10.10;
				MTL_ENABLE_DEBUG_INFO = YES;
				ONLY_ACTIVE_ARCH = YES;
				SDKROOT = macosx;
			};
			name = Debug;
		};
		BCBBD0FF1BCDF9F2007B9ECB /* Release */ = {
			isa = XCBuildConfiguration;
			buildSettings = {
				ALWAYS_SEARCH_USER_PATHS = NO;
				CLANG_CXX_LANGUAGE_STANDARD = "gnu++0x";
				CLANG_CXX_LIBRARY = "libc++";
				CLANG_ENABLE_MODULES = YES;
				CLANG_ENABLE_OBJC_ARC = YES;
				CLANG_WARN_BOOL_CONVERSION = YES;
				CLANG_WARN_CONSTANT_CONVERSION = YES;
				CLANG_WARN_DIRECT_OBJC_ISA_USAGE = YES_ERROR;
				CLANG_WARN_EMPTY_BODY = YES;
				CLANG_WARN_ENUM_CONVERSION = YES;
				CLANG_WARN_INT_CONVERSION = YES;
				CLANG_WARN_OBJC_ROOT_CLASS = YES_ERROR;
				CLANG_WARN_UNREACHABLE_CODE = YES;
				CLANG_WARN__DUPLICATE_METHOD_MATCH = YES;
				COPY_PHASE_STRIP = YES;
				DEBUG_INFORMATION_FORMAT = "dwarf-with-dsym";
				ENABLE_NS_ASSERTIONS = NO;
				ENABLE_STRICT_OBJC_MSGSEND = YES;
				GCC_C_LANGUAGE_STANDARD = gnu99;
				GCC_WARN_64_TO_32_BIT_CONVERSION = YES;
				GCC_WARN_ABOUT_RETURN_TYPE = YES_ERROR;
				GCC_WARN_UNDECLARED_SELECTOR = YES;
				GCC_WARN_UNINITIALIZED_AUTOS = YES_AGGRESSIVE;
				GCC_WARN_UNUSED_FUNCTION = YES;
				GCC_WARN_UNUSED_VARIABLE = YES;
				MACOSX_DEPLOYMENT_TARGET = 10.10;
				MTL_ENABLE_DEBUG_INFO = NO;
				SDKROOT = macosx;
			};
			name = Release;
		};
		BCBBD1011BCDF9F2007B9ECB /* Debug */ = {
			isa = XCBuildConfiguration;
			buildSettings = {
				PRODUCT_NAME = "$(TARGET_NAME)";
			};
			name = Debug;
		};
		BCBBD1021BCDF9F2007B9ECB /* Release */ = {
			isa = XCBuildConfiguration;
			buildSettings = {
				PRODUCT_NAME = "$(TARGET_NAME)";
			};
			name = Release;
		};
/* End XCBuildConfiguration section */

/* Begin XCConfigurationList section */
		BCBBD0F41BCDF9F2007B9ECB /* Build configuration list for PBXProject "paixu" */ = {
			isa = XCConfigurationList;
			buildConfigurations = (
				BCBBD0FE1BCDF9F2007B9ECB /* Debug */,
				BCBBD0FF1BCDF9F2007B9ECB /* Release */,
			);
			defaultConfigurationIsVisible = 0;
			defaultConfigurationName = Release;
		};
		BCBBD1001BCDF9F2007B9ECB /* Build configuration list for PBXNativeTarget "paixu" */ = {
			isa = XCConfigurationList;
			buildConfigurations = (
				BCBBD1011BCDF9F2007B9ECB /* Debug */,
				BCBBD1021BCDF9F2007B9ECB /* Release */,
			);
			defaultConfigurationIsVisible = 0;
		};
/* End XCConfigurationList section */
	};
	rootObject = BCBBD0F11BCDF9F2007B9ECB /* Project object */;
}
