<?xml version="1.0" encoding="UTF-8"?>
<Scheme
   LastUpgradeVersion = "0510"
   version = "1.3">
   <BuildAction
      parallelizeBuildables = "YES"
      buildImplicitDependencies = "YES">
      <BuildActionEntries>
         <BuildActionEntry
            buildForTesting = "YES"
            buildForRunning = "YES"
            buildForProfiling = "YES"
            buildForArchiving = "YES"
            buildForAnalyzing = "YES">
            <BuildableReference
               BuildableIdentifier = "primary"
               BlueprintIdentifier = "044EA20C1BD4D0B500244BA8"
               BuildableName = "14--&#x6307;&#x9488;&#x7ec3;&#x4e60;2--&#x7f16;&#x5199;&#x81ea;&#x5b9a;&#x4e49;&#x51fd;&#x6570;func2&#xff0c;&#x5c06;main &#x51fd;&#x6570;&#x4e2d;&#x4e00;&#x4e2a;&#x6574;&#x578b;&#x53d8;&#x91cf;&#x53d8;&#x6210;&#x81ea;&#x8eab;&#x7684;&#x5e73;&#x65b9;&#x3002;"
               BlueprintName = "14--&#x6307;&#x9488;&#x7ec3;&#x4e60;2--&#x7f16;&#x5199;&#x81ea;&#x5b9a;&#x4e49;&#x51fd;&#x6570;func2&#xff0c;&#x5c06;main &#x51fd;&#x6570;&#x4e2d;&#x4e00;&#x4e2a;&#x6574;&#x578b;&#x53d8;&#x91cf;&#x53d8;&#x6210;&#x81ea;&#x8eab;&#x7684;&#x5e73;&#x65b9;&#x3002;"
               ReferencedContainer = "container:14--&#x6307;&#x9488;&#x7ec3;&#x4e60;2--&#x7f16;&#x5199;&#x81ea;&#x5b9a;&#x4e49;&#x51fd;&#x6570;func2&#xff0c;&#x5c06;main &#x51fd;&#x6570;&#x4e2d;&#x4e00;&#x4e2a;&#x6574;&#x578b;&#x53d8;&#x91cf;&#x53d8;&#x6210;&#x81ea;&#x8eab;&#x7684;&#x5e73;&#x65b9;&#x3002;.xcodeproj">
            </BuildableReference>
         </BuildActionEntry>
      </BuildActionEntries>
   </BuildAction>
   <TestAction
      selectedDebuggerIdentifier = "Xcode.DebuggerFoundation.Debugger.LLDB"
      selectedLauncherIdentifier = "Xcode.DebuggerFoundation.Launcher.LLDB"
      shouldUseLaunchSchemeArgsEnv = "YES"
      buildConfiguration = "Debug">
      <Testables>
      </Testables>
      <MacroExpansion>
         <BuildableReference
            BuildableIdentifier = "primary"
            BlueprintIdentifier = "044EA20C1BD4D0B500244BA8"
            BuildableName = "14--&#x6307;&#x9488;&#x7ec3;&#x4e60;2--&#x7f16;&#x5199;&#x81ea;&#x5b9a;&#x4e49;&#x51fd;&#x6570;func2&#xff0c;&#x5c06;main &#x51fd;&#x6570;&#x4e2d;&#x4e00;&#x4e2a;&#x6574;&#x578b;&#x53d8;&#x91cf;&#x53d8;&#x6210;&#x81ea;&#x8eab;&#x7684;&#x5e73;&#x65b9;&#x3002;"
            BlueprintName = "14--&#x6307;&#x9488;&#x7ec3;&#x4e60;2--&#x7f16;&#x5199;&#x81ea;&#x5b9a;&#x4e49;&#x51fd;&#x6570;func2&#xff0c;&#x5c06;main &#x51fd;&#x6570;&#x4e2d;&#x4e00;&#x4e2a;&#x6574;&#x578b;&#x53d8;&#x91cf;&#x53d8;&#x6210;&#x81ea;&#x8eab;&#x7684;&#x5e73;&#x65b9;&#x3002;"
            ReferencedContainer = "container:14--&#x6307;&#x9488;&#x7ec3;&#x4e60;2--&#x7f16;&#x5199;&#x81ea;&#x5b9a;&#x4e49;&#x51fd;&#x6570;func2&#xff0c;&#x5c06;main &#x51fd;&#x6570;&#x4e2d;&#x4e00;&#x4e2a;&#x6574;&#x578b;&#x53d8;&#x91cf;&#x53d8;&#x6210;&#x81ea;&#x8eab;&#x7684;&#x5e73;&#x65b9;&#x3002;.xcodeproj">
         </BuildableReference>
      </MacroExpansion>
   </TestAction>
   <LaunchAction
      selectedDebuggerIdentifier = "Xcode.DebuggerFoundation.Debugger.LLDB"
      selectedLauncherIdentifier = "Xcode.DebuggerFoundation.Launcher.LLDB"
      launchStyle = "0"
      useCustomWorkingDirectory = "NO"
      buildConfiguration = "Debug"
      ignoresPersistentStateOnLaunch = "NO"
      debugDocumentVersioning = "YES"
      allowLocationSimulation = "YES">
      <BuildableProductRunnable>
         <BuildableReference
            BuildableIdentifier = "primary"
            BlueprintIdentifier = "044EA20C1BD4D0B500244BA8"
            BuildableName = "14--&#x6307;&#x9488;&#x7ec3;&#x4e60;2--&#x7f16;&#x5199;&#x81ea;&#x5b9a;&#x4e49;&#x51fd;&#x6570;func2&#xff0c;&#x5c06;main &#x51fd;&#x6570;&#x4e2d;&#x4e00;&#x4e2a;&#x6574;&#x578b;&#x53d8;&#x91cf;&#x53d8;&#x6210;&#x81ea;&#x8eab;&#x7684;&#x5e73;&#x65b9;&#x3002;"
            BlueprintName = "14--&#x6307;&#x9488;&#x7ec3;&#x4e60;2--&#x7f16;&#x5199;&#x81ea;&#x5b9a;&#x4e49;&#x51fd;&#x6570;func2&#xff0c;&#x5c06;main &#x51fd;&#x6570;&#x4e2d;&#x4e00;&#x4e2a;&#x6574;&#x578b;&#x53d8;&#x91cf;&#x53d8;&#x6210;&#x81ea;&#x8eab;&#x7684;&#x5e73;&#x65b9;&#x3002;"
            ReferencedContainer = "container:14--&#x6307;&#x9488;&#x7ec3;&#x4e60;2--&#x7f16;&#x5199;&#x81ea;&#x5b9a;&#x4e49;&#x51fd;&#x6570;func2&#xff0c;&#x5c06;main &#x51fd;&#x6570;&#x4e2d;&#x4e00;&#x4e2a;&#x6574;&#x578b;&#x53d8;&#x91cf;&#x53d8;&#x6210;&#x81ea;&#x8eab;&#x7684;&#x5e73;&#x65b9;&#x3002;.xcodeproj">
         </BuildableReference>
      </BuildableProductRunnable>
      <AdditionalOptions>
      </AdditionalOptions>
   </LaunchAction>
   <ProfileAction
      shouldUseLaunchSchemeArgsEnv = "YES"
      savedToolIdentifier = ""
      useCustomWorkingDirectory = "NO"
      buildConfiguration = "Release"
      debugDocumentVersioning = "YES">
      <BuildableProductRunnable>
         <BuildableReference
            BuildableIdentifier = "primary"
            BlueprintIdentifier = "044EA20C1BD4D0B500244BA8"
            BuildableName = "14--&#x6307;&#x9488;&#x7ec3;&#x4e60;2--&#x7f16;&#x5199;&#x81ea;&#x5b9a;&#x4e49;&#x51fd;&#x6570;func2&#xff0c;&#x5c06;main &#x51fd;&#x6570;&#x4e2d;&#x4e00;&#x4e2a;&#x6574;&#x578b;&#x53d8;&#x91cf;&#x53d8;&#x6210;&#x81ea;&#x8eab;&#x7684;&#x5e73;&#x65b9;&#x3002;"
            BlueprintName = "14--&#x6307;&#x9488;&#x7ec3;&#x4e60;2--&#x7f16;&#x5199;&#x81ea;&#x5b9a;&#x4e49;&#x51fd;&#x6570;func2&#xff0c;&#x5c06;main &#x51fd;&#x6570;&#x4e2d;&#x4e00;&#x4e2a;&#x6574;&#x578b;&#x53d8;&#x91cf;&#x53d8;&#x6210;&#x81ea;&#x8eab;&#x7684;&#x5e73;&#x65b9;&#x3002;"
            ReferencedContainer = "container:14--&#x6307;&#x9488;&#x7ec3;&#x4e60;2--&#x7f16;&#x5199;&#x81ea;&#x5b9a;&#x4e49;&#x51fd;&#x6570;func2&#xff0c;&#x5c06;main &#x51fd;&#x6570;&#x4e2d;&#x4e00;&#x4e2a;&#x6574;&#x578b;&#x53d8;&#x91cf;&#x53d8;&#x6210;&#x81ea;&#x8eab;&#x7684;&#x5e73;&#x65b9;&#x3002;.xcodeproj">
         </BuildableReference>
      </BuildableProductRunnable>
   </ProfileAction>
   <AnalyzeAction
      buildConfiguration = "Debug">
   </AnalyzeAction>
   <ArchiveAction
      buildConfiguration = "Release"
      revealArchiveInOrganizer = "YES">
   </ArchiveAction>
</Scheme>
