<?xml version="1.0" encoding="UTF-8"?>
<Scheme
   LastUpgradeVersion = "0510"
   version = "1.3">
   <BuildAction
      parallelizeBuildables = "YES"
      buildImplicitDependencies = "YES">
      <BuildActionEntries>
         <BuildActionEntry
            buildForTesting = "YES"
            buildForRunning = "YES"
            buildForProfiling = "YES"
            buildForArchiving = "YES"
            buildForAnalyzing = "YES">
            <BuildableReference
               BuildableIdentifier = "primary"
               BlueprintIdentifier = "044EA1251BD481DE00244BA8"
               BuildableName = "3--&#x51fd;&#x6570;&#x4f5c;&#x4e1a;3-&#x7f16;&#x5199;&#x51fd;&#x6570;&#xff0c;&#x8fd4;&#x56de;&#x4e09;&#x4e2a;&#x6570;&#x7684;&#x4e24;&#x4e24;&#x76f8;&#x51cf;&#x7684;&#x6700;&#x5c0f;&#x7edd;&#x5bf9;&#x503c;&#x3002;"
               BlueprintName = "3--&#x51fd;&#x6570;&#x4f5c;&#x4e1a;3-&#x7f16;&#x5199;&#x51fd;&#x6570;&#xff0c;&#x8fd4;&#x56de;&#x4e09;&#x4e2a;&#x6570;&#x7684;&#x4e24;&#x4e24;&#x76f8;&#x51cf;&#x7684;&#x6700;&#x5c0f;&#x7edd;&#x5bf9;&#x503c;&#x3002;"
               ReferencedContainer = "container:3--&#x51fd;&#x6570;&#x4f5c;&#x4e1a;3-&#x7f16;&#x5199;&#x51fd;&#x6570;&#xff0c;&#x8fd4;&#x56de;&#x4e09;&#x4e2a;&#x6570;&#x7684;&#x4e24;&#x4e24;&#x76f8;&#x51cf;&#x7684;&#x6700;&#x5c0f;&#x7edd;&#x5bf9;&#x503c;&#x3002;.xcodeproj">
            </BuildableReference>
         </BuildActionEntry>
      </BuildActionEntries>
   </BuildAction>
   <TestAction
      selectedDebuggerIdentifier = "Xcode.DebuggerFoundation.Debugger.LLDB"
      selectedLauncherIdentifier = "Xcode.DebuggerFoundation.Launcher.LLDB"
      shouldUseLaunchSchemeArgsEnv = "YES"
      buildConfiguration = "Debug">
      <Testables>
      </Testables>
      <MacroExpansion>
         <BuildableReference
            BuildableIdentifier = "primary"
            BlueprintIdentifier = "044EA1251BD481DE00244BA8"
            BuildableName = "3--&#x51fd;&#x6570;&#x4f5c;&#x4e1a;3-&#x7f16;&#x5199;&#x51fd;&#x6570;&#xff0c;&#x8fd4;&#x56de;&#x4e09;&#x4e2a;&#x6570;&#x7684;&#x4e24;&#x4e24;&#x76f8;&#x51cf;&#x7684;&#x6700;&#x5c0f;&#x7edd;&#x5bf9;&#x503c;&#x3002;"
            BlueprintName = "3--&#x51fd;&#x6570;&#x4f5c;&#x4e1a;3-&#x7f16;&#x5199;&#x51fd;&#x6570;&#xff0c;&#x8fd4;&#x56de;&#x4e09;&#x4e2a;&#x6570;&#x7684;&#x4e24;&#x4e24;&#x76f8;&#x51cf;&#x7684;&#x6700;&#x5c0f;&#x7edd;&#x5bf9;&#x503c;&#x3002;"
            ReferencedContainer = "container:3--&#x51fd;&#x6570;&#x4f5c;&#x4e1a;3-&#x7f16;&#x5199;&#x51fd;&#x6570;&#xff0c;&#x8fd4;&#x56de;&#x4e09;&#x4e2a;&#x6570;&#x7684;&#x4e24;&#x4e24;&#x76f8;&#x51cf;&#x7684;&#x6700;&#x5c0f;&#x7edd;&#x5bf9;&#x503c;&#x3002;.xcodeproj">
         </BuildableReference>
      </MacroExpansion>
   </TestAction>
   <LaunchAction
      selectedDebuggerIdentifier = "Xcode.DebuggerFoundation.Debugger.LLDB"
      selectedLauncherIdentifier = "Xcode.DebuggerFoundation.Launcher.LLDB"
      launchStyle = "0"
      useCustomWorkingDirectory = "NO"
      buildConfiguration = "Debug"
      ignoresPersistentStateOnLaunch = "NO"
      debugDocumentVersioning = "YES"
      allowLocationSimulation = "YES">
      <BuildableProductRunnable>
         <BuildableReference
            BuildableIdentifier = "primary"
            BlueprintIdentifier = "044EA1251BD481DE00244BA8"
            BuildableName = "3--&#x51fd;&#x6570;&#x4f5c;&#x4e1a;3-&#x7f16;&#x5199;&#x51fd;&#x6570;&#xff0c;&#x8fd4;&#x56de;&#x4e09;&#x4e2a;&#x6570;&#x7684;&#x4e24;&#x4e24;&#x76f8;&#x51cf;&#x7684;&#x6700;&#x5c0f;&#x7edd;&#x5bf9;&#x503c;&#x3002;"
            BlueprintName = "3--&#x51fd;&#x6570;&#x4f5c;&#x4e1a;3-&#x7f16;&#x5199;&#x51fd;&#x6570;&#xff0c;&#x8fd4;&#x56de;&#x4e09;&#x4e2a;&#x6570;&#x7684;&#x4e24;&#x4e24;&#x76f8;&#x51cf;&#x7684;&#x6700;&#x5c0f;&#x7edd;&#x5bf9;&#x503c;&#x3002;"
            ReferencedContainer = "container:3--&#x51fd;&#x6570;&#x4f5c;&#x4e1a;3-&#x7f16;&#x5199;&#x51fd;&#x6570;&#xff0c;&#x8fd4;&#x56de;&#x4e09;&#x4e2a;&#x6570;&#x7684;&#x4e24;&#x4e24;&#x76f8;&#x51cf;&#x7684;&#x6700;&#x5c0f;&#x7edd;&#x5bf9;&#x503c;&#x3002;.xcodeproj">
         </BuildableReference>
      </BuildableProductRunnable>
      <AdditionalOptions>
      </AdditionalOptions>
   </LaunchAction>
   <ProfileAction
      shouldUseLaunchSchemeArgsEnv = "YES"
      savedToolIdentifier = ""
      useCustomWorkingDirectory = "NO"
      buildConfiguration = "Release"
      debugDocumentVersioning = "YES">
      <BuildableProductRunnable>
         <BuildableReference
            BuildableIdentifier = "primary"
            BlueprintIdentifier = "044EA1251BD481DE00244BA8"
            BuildableName = "3--&#x51fd;&#x6570;&#x4f5c;&#x4e1a;3-&#x7f16;&#x5199;&#x51fd;&#x6570;&#xff0c;&#x8fd4;&#x56de;&#x4e09;&#x4e2a;&#x6570;&#x7684;&#x4e24;&#x4e24;&#x76f8;&#x51cf;&#x7684;&#x6700;&#x5c0f;&#x7edd;&#x5bf9;&#x503c;&#x3002;"
            BlueprintName = "3--&#x51fd;&#x6570;&#x4f5c;&#x4e1a;3-&#x7f16;&#x5199;&#x51fd;&#x6570;&#xff0c;&#x8fd4;&#x56de;&#x4e09;&#x4e2a;&#x6570;&#x7684;&#x4e24;&#x4e24;&#x76f8;&#x51cf;&#x7684;&#x6700;&#x5c0f;&#x7edd;&#x5bf9;&#x503c;&#x3002;"
            ReferencedContainer = "container:3--&#x51fd;&#x6570;&#x4f5c;&#x4e1a;3-&#x7f16;&#x5199;&#x51fd;&#x6570;&#xff0c;&#x8fd4;&#x56de;&#x4e09;&#x4e2a;&#x6570;&#x7684;&#x4e24;&#x4e24;&#x76f8;&#x51cf;&#x7684;&#x6700;&#x5c0f;&#x7edd;&#x5bf9;&#x503c;&#x3002;.xcodeproj">
         </BuildableReference>
      </BuildableProductRunnable>
   </ProfileAction>
   <AnalyzeAction
      buildConfiguration = "Debug">
   </AnalyzeAction>
   <ArchiveAction
      buildConfiguration = "Release"
      revealArchiveInOrganizer = "YES">
   </ArchiveAction>
</Scheme>
